// !$*UTF8*$!
{
	archiveVersion = 1;
	classes = {
	};
	objectVersion = 50;
	objects = {

/* Begin PBXBuildFile section */
		115FA247260E8E87000C5509 /* AppDelegate.swift in Sources */ = {isa = PBXBuildFile; fileRef = 115FA246260E8E87000C5509 /* AppDelegate.swift */; };
		115FA249260E8E87000C5509 /* SceneDelegate.swift in Sources */ = {isa = PBXBuildFile; fileRef = 115FA248260E8E87000C5509 /* SceneDelegate.swift */; };
		115FA24B260E8E87000C5509 /* SetGameView.swift in Sources */ = {isa = PBXBuildFile; fileRef = 115FA24A260E8E87000C5509 /* SetGameView.swift */; };
		115FA24D260E8E88000C5509 /* Assets.xcassets in Resources */ = {isa = PBXBuildFile; fileRef = 115FA24C260E8E88000C5509 /* Assets.xcassets */; };
		115FA250260E8E88000C5509 /* Preview Assets.xcassets in Resources */ = {isa = PBXBuildFile; fileRef = 115FA24F260E8E88000C5509 /* Preview Assets.xcassets */; };
		115FA253260E8E88000C5509 /* LaunchScreen.storyboard in Resources */ = {isa = PBXBuildFile; fileRef = 115FA251260E8E88000C5509 /* LaunchScreen.storyboard */; };
		115FA25D260E8ED1000C5509 /* SetGame.swift in Sources */ = {isa = PBXBuildFile; fileRef = 115FA25C260E8ED1000C5509 /* SetGame.swift */; };
		115FA260260E8F17000C5509 /* SetGameViewModel.swift in Sources */ = {isa = PBXBuildFile; fileRef = 115FA25F260E8F17000C5509 /* SetGameViewModel.swift */; };
		115FA26C260F9995000C5509 /* GridLayout.swift in Sources */ = {isa = PBXBuildFile; fileRef = 115FA269260F9995000C5509 /* GridLayout.swift */; };
		115FA26D260F9995000C5509 /* Cardify.swift in Sources */ = {isa = PBXBuildFile; fileRef = 115FA26A260F9995000C5509 /* Cardify.swift */; };
		115FA26E260F9995000C5509 /* Grid.swift in Sources */ = {isa = PBXBuildFile; fileRef = 115FA26B260F9995000C5509 /* Grid.swift */; };
		115FA272260F9AC2000C5509 /* Array+Identifiable.swift in Sources */ = {isa = PBXBuildFile; fileRef = 115FA270260F9AC2000C5509 /* Array+Identifiable.swift */; };
		115FA273260F9AC2000C5509 /* Array+Only.swift in Sources */ = {isa = PBXBuildFile; fileRef = 115FA271260F9AC2000C5509 /* Array+Only.swift */; };
		115FA279260FD26C000C5509 /* PatternAttributes.swift in Sources */ = {isa = PBXBuildFile; fileRef = 115FA278260FD26C000C5509 /* PatternAttributes.swift */; };
		115FA285260FDD7F000C5509 /* CardBuilder.swift in Sources */ = {isa = PBXBuildFile; fileRef = 115FA284260FDD7F000C5509 /* CardBuilder.swift */; };
		115FA2892610BE85000C5509 /* Diamond.swift in Sources */ = {isa = PBXBuildFile; fileRef = 115FA2882610BE85000C5509 /* Diamond.swift */; };
		115FA28D2610EDE6000C5509 /* DisplacedCircle.swift in Sources */ = {isa = PBXBuildFile; fileRef = 115FA28C2610EDE6000C5509 /* DisplacedCircle.swift */; };
		115FA2912610F14D000C5509 /* FixedCapsule.swift in Sources */ = {isa = PBXBuildFile; fileRef = 115FA2902610F14D000C5509 /* FixedCapsule.swift */; };
/* End PBXBuildFile section */

/* Begin PBXFileReference section */
		115FA243260E8E87000C5509 /* Play Set!.app */ = {isa = PBXFileReference; explicitFileType = wrapper.application; includeInIndex = 0; path = "Play Set!.app"; sourceTree = BUILT_PRODUCTS_DIR; };
		115FA246260E8E87000C5509 /* AppDelegate.swift */ = {isa = PBXFileReference; lastKnownFileType = sourcecode.swift; path = AppDelegate.swift; sourceTree = "<group>"; };
		115FA248260E8E87000C5509 /* SceneDelegate.swift */ = {isa = PBXFileReference; lastKnownFileType = sourcecode.swift; path = SceneDelegate.swift; sourceTree = "<group>"; };
		115FA24A260E8E87000C5509 /* SetGameView.swift */ = {isa = PBXFileReference; lastKnownFileType = sourcecode.swift; path = SetGameView.swift; sourceTree = "<group>"; };
		115FA24C260E8E88000C5509 /* Assets.xcassets */ = {isa = PBXFileReference; lastKnownFileType = folder.assetcatalog; path = Assets.xcassets; sourceTree = "<group>"; };
		115FA24F260E8E88000C5509 /* Preview Assets.xcassets */ = {isa = PBXFileReference; lastKnownFileType = folder.assetcatalog; path = "Preview Assets.xcassets"; sourceTree = "<group>"; };
		115FA252260E8E88000C5509 /* Base */ = {isa = PBXFileReference; lastKnownFileType = file.storyboard; name = Base; path = Base.lproj/LaunchScreen.storyboard; sourceTree = "<group>"; };
		115FA254260E8E88000C5509 /* Info.plist */ = {isa = PBXFileReference; lastKnownFileType = text.plist.xml; path = Info.plist; sourceTree = "<group>"; };
		115FA25C260E8ED1000C5509 /* SetGame.swift */ = {isa = PBXFileReference; lastKnownFileType = sourcecode.swift; path = SetGame.swift; sourceTree = "<group>"; };
		115FA25F260E8F17000C5509 /* SetGameViewModel.swift */ = {isa = PBXFileReference; lastKnownFileType = sourcecode.swift; path = SetGameViewModel.swift; sourceTree = "<group>"; };
		115FA269260F9995000C5509 /* GridLayout.swift */ = {isa = PBXFileReference; fileEncoding = 4; lastKnownFileType = sourcecode.swift; path = GridLayout.swift; sourceTree = "<group>"; };
		115FA26A260F9995000C5509 /* Cardify.swift */ = {isa = PBXFileReference; fileEncoding = 4; lastKnownFileType = sourcecode.swift; path = Cardify.swift; sourceTree = "<group>"; };
		115FA26B260F9995000C5509 /* Grid.swift */ = {isa = PBXFileReference; fileEncoding = 4; lastKnownFileType = sourcecode.swift; path = Grid.swift; sourceTree = "<group>"; };
		115FA270260F9AC2000C5509 /* Array+Identifiable.swift */ = {isa = PBXFileReference; fileEncoding = 4; lastKnownFileType = sourcecode.swift; path = "Array+Identifiable.swift"; sourceTree = "<group>"; };
		115FA271260F9AC2000C5509 /* Array+Only.swift */ = {isa = PBXFileReference; fileEncoding = 4; lastKnownFileType = sourcecode.swift; path = "Array+Only.swift"; sourceTree = "<group>"; };
		115FA278260FD26C000C5509 /* PatternAttributes.swift */ = {isa = PBXFileReference; lastKnownFileType = sourcecode.swift; path = PatternAttributes.swift; sourceTree = "<group>"; };
		115FA284260FDD7F000C5509 /* CardBuilder.swift */ = {isa = PBXFileReference; lastKnownFileType = sourcecode.swift; path = CardBuilder.swift; sourceTree = "<group>"; };
		115FA2882610BE85000C5509 /* Diamond.swift */ = {isa = PBXFileReference; lastKnownFileType = sourcecode.swift; path = Diamond.swift; sourceTree = "<group>"; };
		115FA28C2610EDE6000C5509 /* DisplacedCircle.swift */ = {isa = PBXFileReference; lastKnownFileType = sourcecode.swift; path = DisplacedCircle.swift; sourceTree = "<group>"; };
		115FA2902610F14D000C5509 /* FixedCapsule.swift */ = {isa = PBXFileReference; lastKnownFileType = sourcecode.swift; path = FixedCapsule.swift; sourceTree = "<group>"; };
/* End PBXFileReference section */

/* Begin PBXFrameworksBuildPhase section */
		115FA240260E8E87000C5509 /* Frameworks */ = {
			isa = PBXFrameworksBuildPhase;
			buildActionMask = 2147483647;
			files = (
			);
			runOnlyForDeploymentPostprocessing = 0;
		};
/* End PBXFrameworksBuildPhase section */

/* Begin PBXGroup section */
		115FA23A260E8E87000C5509 = {
			isa = PBXGroup;
			children = (
				115FA245260E8E87000C5509 /* Play Set! */,
				115FA244260E8E87000C5509 /* Products */,
			);
			sourceTree = "<group>";
		};
		115FA244260E8E87000C5509 /* Products */ = {
			isa = PBXGroup;
			children = (
				115FA243260E8E87000C5509 /* Play Set!.app */,
			);
			name = Products;
			sourceTree = "<group>";
		};
		115FA245260E8E87000C5509 /* Play Set! */ = {
			isa = PBXGroup;
			children = (
				115FA246260E8E87000C5509 /* AppDelegate.swift */,
				115FA248260E8E87000C5509 /* SceneDelegate.swift */,
				11A3762D2613A2A500CA1E00 /* Model */,
				11A3762E2613A2AC00CA1E00 /* ViewModel */,
				11A3762C2613A27100CA1E00 /* View */,
				115FA24C260E8E88000C5509 /* Assets.xcassets */,
				115FA251260E8E88000C5509 /* LaunchScreen.storyboard */,
				115FA254260E8E88000C5509 /* Info.plist */,
				115FA24E260E8E88000C5509 /* Preview Content */,
			);
			path = "Play Set!";
			sourceTree = "<group>";
		};
		115FA24E260E8E88000C5509 /* Preview Content */ = {
			isa = PBXGroup;
			children = (
				115FA24F260E8E88000C5509 /* Preview Assets.xcassets */,
			);
			path = "Preview Content";
			sourceTree = "<group>";
		};
		11A3762C2613A27100CA1E00 /* View */ = {
			isa = PBXGroup;
			children = (
				115FA24A260E8E87000C5509 /* SetGameView.swift */,
				115FA284260FDD7F000C5509 /* CardBuilder.swift */,
				115FA2882610BE85000C5509 /* Diamond.swift */,
				115FA2902610F14D000C5509 /* FixedCapsule.swift */,
				115FA28C2610EDE6000C5509 /* DisplacedCircle.swift */,
				115FA26A260F9995000C5509 /* Cardify.swift */,
				115FA26B260F9995000C5509 /* Grid.swift */,
				115FA269260F9995000C5509 /* GridLayout.swift */,
			);
			path = View;
			sourceTree = "<group>";
		};
		11A3762D2613A2A500CA1E00 /* Model */ = {
			isa = PBXGroup;
			children = (
				115FA25C260E8ED1000C5509 /* SetGame.swift */,
				115FA278260FD26C000C5509 /* PatternAttributes.swift */,
				115FA270260F9AC2000C5509 /* Array+Identifiable.swift */,
				115FA271260F9AC2000C5509 /* Array+Only.swift */,
			);
			path = Model;
			sourceTree = "<group>";
		};
		11A3762E2613A2AC00CA1E00 /* ViewModel */ = {
			isa = PBXGroup;
			children = (
				115FA25F260E8F17000C5509 /* SetGameViewModel.swift */,
			);
			path = ViewModel;
			sourceTree = "<group>";
		};
/* End PBXGroup section */

/* Begin PBXNativeTarget section */
		115FA242260E8E87000C5509 /* Play Set! */ = {
			isa = PBXNativeTarget;
			buildConfigurationList = 115FA257260E8E88000C5509 /* Build configuration list for PBXNativeTarget "Play Set!" */;
			buildPhases = (
				115FA23F260E8E87000C5509 /* Sources */,
				115FA240260E8E87000C5509 /* Frameworks */,
				115FA241260E8E87000C5509 /* Resources */,
			);
			buildRules = (
			);
			dependencies = (
			);
			name = "Play Set!";
			productName = "Play Set!";
			productReference = 115FA243260E8E87000C5509 /* Play Set!.app */;
			productType = "com.apple.product-type.application";
		};
/* End PBXNativeTarget section */

/* Begin PBXProject section */
		115FA23B260E8E87000C5509 /* Project object */ = {
			isa = PBXProject;
			attributes = {
				LastSwiftUpdateCheck = 1240;
				LastUpgradeCheck = 1240;
				TargetAttributes = {
					115FA242260E8E87000C5509 = {
						CreatedOnToolsVersion = 12.4;
					};
				};
			};
			buildConfigurationList = 115FA23E260E8E87000C5509 /* Build configuration list for PBXProject "Play Set!" */;
			compatibilityVersion = "Xcode 9.3";
			developmentRegion = en;
			hasScannedForEncodings = 0;
			knownRegions = (
				en,
				Base,
			);
			mainGroup = 115FA23A260E8E87000C5509;
			productRefGroup = 115FA244260E8E87000C5509 /* Products */;
			projectDirPath = "";
			projectRoot = "";
			targets = (
				115FA242260E8E87000C5509 /* Play Set! */,
			);
		};
/* End PBXProject section */

/* Begin PBXResourcesBuildPhase section */
		115FA241260E8E87000C5509 /* Resources */ = {
			isa = PBXResourcesBuildPhase;
			buildActionMask = 2147483647;
			files = (
				115FA253260E8E88000C5509 /* LaunchScreen.storyboard in Resources */,
				115FA250260E8E88000C5509 /* Preview Assets.xcassets in Resources */,
				115FA24D260E8E88000C5509 /* Assets.xcassets in Resources */,
			);
			runOnlyForDeploymentPostprocessing = 0;
		};
/* End PBXResourcesBuildPhase section */

/* Begin PBXSourcesBuildPhase section */
		115FA23F260E8E87000C5509 /* Sources */ = {
			isa = PBXSourcesBuildPhase;
			buildActionMask = 2147483647;
			files = (
				115FA247260E8E87000C5509 /* AppDelegate.swift in Sources */,
				115FA2892610BE85000C5509 /* Diamond.swift in Sources */,
				115FA26D260F9995000C5509 /* Cardify.swift in Sources */,
				115FA28D2610EDE6000C5509 /* DisplacedCircle.swift in Sources */,
				115FA249260E8E87000C5509 /* SceneDelegate.swift in Sources */,
				115FA279260FD26C000C5509 /* PatternAttributes.swift in Sources */,
				115FA2912610F14D000C5509 /* FixedCapsule.swift in Sources */,
				115FA273260F9AC2000C5509 /* Array+Only.swift in Sources */,
				115FA26E260F9995000C5509 /* Grid.swift in Sources */,
				115FA25D260E8ED1000C5509 /* SetGame.swift in Sources */,
				115FA272260F9AC2000C5509 /* Array+Identifiable.swift in Sources */,
				115FA285260FDD7F000C5509 /* CardBuilder.swift in Sources */,
				115FA26C260F9995000C5509 /* GridLayout.swift in Sources */,
				115FA24B260E8E87000C5509 /* SetGameView.swift in Sources */,
				115FA260260E8F17000C5509 /* SetGameViewModel.swift in Sources */,
			);
			runOnlyForDeploymentPostprocessing = 0;
		};
/* End PBXSourcesBuildPhase section */

/* Begin PBXVariantGroup section */
		115FA251260E8E88000C5509 /* LaunchScreen.storyboard */ = {
			isa = PBXVariantGroup;
			children = (
				115FA252260E8E88000C5509 /* Base */,
			);
			name = LaunchScreen.storyboard;
			sourceTree = "<group>";
		};
/* End PBXVariantGroup section */

/* Begin XCBuildConfiguration section */
		115FA255260E8E88000C5509 /* Debug */ = {
			isa = XCBuildConfiguration;
			buildSettings = {
				ALWAYS_SEARCH_USER_PATHS = NO;
				CLANG_ANALYZER_NONNULL = YES;
				CLANG_ANALYZER_NUMBER_OBJECT_CONVERSION = YES_AGGRESSIVE;
				CLANG_CXX_LANGUAGE_STANDARD = "gnu++14";
				CLANG_CXX_LIBRARY = "libc++";
				CLANG_ENABLE_MODULES = YES;
				CLANG_ENABLE_OBJC_ARC = YES;
				CLANG_ENABLE_OBJC_WEAK = YES;
				CLANG_WARN_BLOCK_CAPTURE_AUTORELEASING = YES;
				CLANG_WARN_BOOL_CONVERSION = YES;
				CLANG_WARN_COMMA = YES;
				CLANG_WARN_CONSTANT_CONVERSION = YES;
				CLANG_WARN_DEPRECATED_OBJC_IMPLEMENTATIONS = YES;
				CLANG_WARN_DIRECT_OBJC_ISA_USAGE = YES_ERROR;
				CLANG_WARN_DOCUMENTATION_COMMENTS = YES;
				CLANG_WARN_EMPTY_BODY = YES;
				CLANG_WARN_ENUM_CONVERSION = YES;
				CLANG_WARN_INFINITE_RECURSION = YES;
				CLANG_WARN_INT_CONVERSION = YES;
				CLANG_WARN_NON_LITERAL_NULL_CONVERSION = YES;
				CLANG_WARN_OBJC_IMPLICIT_RETAIN_SELF = YES;
				CLANG_WARN_OBJC_LITERAL_CONVERSION = YES;
				CLANG_WARN_OBJC_ROOT_CLASS = YES_ERROR;
				CLANG_WARN_QUOTED_INCLUDE_IN_FRAMEWORK_HEADER = YES;
				CLANG_WARN_RANGE_LOOP_ANALYSIS = YES;
				CLANG_WARN_STRICT_PROTOTYPES = YES;
				CLANG_WARN_SUSPICIOUS_MOVE = YES;
				CLANG_WARN_UNGUARDED_AVAILABILITY = YES_AGGRESSIVE;
				CLANG_WARN_UNREACHABLE_CODE = YES;
				CLANG_WARN__DUPLICATE_METHOD_MATCH = YES;
				COPY_PHASE_STRIP = NO;
				DEBUG_INFORMATION_FORMAT = dwarf;
				ENABLE_STRICT_OBJC_MSGSEND = YES;
				ENABLE_TESTABILITY = YES;
				GCC_C_LANGUAGE_STANDARD = gnu11;
				GCC_DYNAMIC_NO_PIC = NO;
				GCC_NO_COMMON_BLOCKS = YES;
				GCC_OPTIMIZATION_LEVEL = 0;
				GCC_PREPROCESSOR_DEFINITIONS = (
					"DEBUG=1",
					"$(inherited)",
				);
				GCC_WARN_64_TO_32_BIT_CONVERSION = YES;
				GCC_WARN_ABOUT_RETURN_TYPE = YES_ERROR;
				GCC_WARN_UNDECLARED_SELECTOR = YES;
				GCC_WARN_UNINITIALIZED_AUTOS = YES_AGGRESSIVE;
				GCC_WARN_UNUSED_FUNCTION = YES;
				GCC_WARN_UNUSED_VARIABLE = YES;
				IPHONEOS_DEPLOYMENT_TARGET = 14.4;
				MTL_ENABLE_DEBUG_INFO = INCLUDE_SOURCE;
				MTL_FAST_MATH = YES;
				ONLY_ACTIVE_ARCH = YES;
				SDKROOT = iphoneos;
				SWIFT_ACTIVE_COMPILATION_CONDITIONS = DEBUG;
				SWIFT_OPTIMIZATION_LEVEL = "-Onone";
			};
			name = Debug;
		};
		115FA256260E8E88000C5509 /* Release */ = {
			isa = XCBuildConfiguration;
			buildSettings = {
				ALWAYS_SEARCH_USER_PATHS = NO;
				CLANG_ANALYZER_NONNULL = YES;
				CLANG_ANALYZER_NUMBER_OBJECT_CONVERSION = YES_AGGRESSIVE;
				CLANG_CXX_LANGUAGE_STANDARD = "gnu++14";
				CLANG_CXX_LIBRARY = "libc++";
				CLANG_ENABLE_MODULES = YES;
				CLANG_ENABLE_OBJC_ARC = YES;
				CLANG_ENABLE_OBJC_WEAK = YES;
				CLANG_WARN_BLOCK_CAPTURE_AUTORELEASING = YES;
				CLANG_WARN_BOOL_CONVERSION = YES;
				CLANG_WARN_COMMA = YES;
				CLANG_WARN_CONSTANT_CONVERSION = YES;
				CLANG_WARN_DEPRECATED_OBJC_IMPLEMENTATIONS = YES;
				CLANG_WARN_DIRECT_OBJC_ISA_USAGE = YES_ERROR;
				CLANG_WARN_DOCUMENTATION_COMMENTS = YES;
				CLANG_WARN_EMPTY_BODY = YES;
				CLANG_WARN_ENUM_CONVERSION = YES;
				CLANG_WARN_INFINITE_RECURSION = YES;
				CLANG_WARN_INT_CONVERSION = YES;
				CLANG_WARN_NON_LITERAL_NULL_CONVERSION = YES;
				CLANG_WARN_OBJC_IMPLICIT_RETAIN_SELF = YES;
				CLANG_WARN_OBJC_LITERAL_CONVERSION = YES;
				CLANG_WARN_OBJC_ROOT_CLASS = YES_ERROR;
				CLANG_WARN_QUOTED_INCLUDE_IN_FRAMEWORK_HEADER = YES;
				CLANG_WARN_RANGE_LOOP_ANALYSIS = YES;
				CLANG_WARN_STRICT_PROTOTYPES = YES;
				CLANG_WARN_SUSPICIOUS_MOVE = YES;
				CLANG_WARN_UNGUARDED_AVAILABILITY = YES_AGGRESSIVE;
				CLANG_WARN_UNREACHABLE_CODE = YES;
				CLANG_WARN__DUPLICATE_METHOD_MATCH = YES;
				COPY_PHASE_STRIP = NO;
				DEBUG_INFORMATION_FORMAT = "dwarf-with-dsym";
				ENABLE_NS_ASSERTIONS = NO;
				ENABLE_STRICT_OBJC_MSGSEND = YES;
				GCC_C_LANGUAGE_STANDARD = gnu11;
				GCC_NO_COMMON_BLOCKS = YES;
				GCC_WARN_64_TO_32_BIT_CONVERSION = YES;
				GCC_WARN_ABOUT_RETURN_TYPE = YES_ERROR;
				GCC_WARN_UNDECLARED_SELECTOR = YES;
				GCC_WARN_UNINITIALIZED_AUTOS = YES_AGGRESSIVE;
				GCC_WARN_UNUSED_FUNCTION = YES;
				GCC_WARN_UNUSED_VARIABLE = YES;
				IPHONEOS_DEPLOYMENT_TARGET = 14.4;
				MTL_ENABLE_DEBUG_INFO = NO;
				MTL_FAST_MATH = YES;
				SDKROOT = iphoneos;
				SWIFT_COMPILATION_MODE = wholemodule;
				SWIFT_OPTIMIZATION_LEVEL = "-O";
				VALIDATE_PRODUCT = YES;
			};
			name = Release;
		};
		115FA258260E8E88000C5509 /* Debug */ = {
			isa = XCBuildConfiguration;
			buildSettings = {
				ASSETCATALOG_COMPILER_APPICON_NAME = AppIcon;
				ASSETCATALOG_COMPILER_GLOBAL_ACCENT_COLOR_NAME = AccentColor;
				CODE_SIGN_STYLE = Automatic;
				DEVELOPMENT_ASSET_PATHS = "\"Play Set!/Preview Content\"";
				DEVELOPMENT_TEAM = XDPTRV2722;
				ENABLE_PREVIEWS = YES;
				INFOPLIST_FILE = "Play Set!/Info.plist";
				LD_RUNPATH_SEARCH_PATHS = (
					"$(inherited)",
					"@executable_path/Frameworks",
				);
				PRODUCT_BUNDLE_IDENTIFIER = "ninja.xquan.Play-Set-";
				PRODUCT_NAME = "$(TARGET_NAME)";
				SWIFT_VERSION = 5.0;
				TARGETED_DEVICE_FAMILY = "1,2";
			};
			name = Debug;
		};
		115FA259260E8E88000C5509 /* Release */ = {
			isa = XCBuildConfiguration;
			buildSettings = {
				ASSETCATALOG_COMPILER_APPICON_NAME = AppIcon;
				ASSETCATALOG_COMPILER_GLOBAL_ACCENT_COLOR_NAME = AccentColor;
				CODE_SIGN_STYLE = Automatic;
				DEVELOPMENT_ASSET_PATHS = "\"Play Set!/Preview Content\"";
				DEVELOPMENT_TEAM = XDPTRV2722;
				ENABLE_PREVIEWS = YES;
				INFOPLIST_FILE = "Play Set!/Info.plist";
				LD_RUNPATH_SEARCH_PATHS = (
					"$(inherited)",
					"@executable_path/Frameworks",
				);
				PRODUCT_BUNDLE_IDENTIFIER = "ninja.xquan.Play-Set-";
				PRODUCT_NAME = "$(TARGET_NAME)";
				SWIFT_VERSION = 5.0;
				TARGETED_DEVICE_FAMILY = "1,2";
			};
			name = Release;
		};
/* End XCBuildConfiguration section */

/* Begin XCConfigurationList section */
		115FA23E260E8E87000C5509 /* Build configuration list for PBXProject "Play Set!" */ = {
			isa = XCConfigurationList;
			buildConfigurations = (
				115FA255260E8E88000C5509 /* Debug */,
				115FA256260E8E88000C5509 /* Release */,
			);
			defaultConfigurationIsVisible = 0;
			defaultConfigurationName = Release;
		};
		115FA257260E8E88000C5509 /* Build configuration list for PBXNativeTarget "Play Set!" */ = {
			isa = XCConfigurationList;
			buildConfigurations = (
				115FA258260E8E88000C5509 /* Debug */,
				115FA259260E8E88000C5509 /* Release */,
			);
			defaultConfigurationIsVisible = 0;
			defaultConfigurationName = Release;
		};
/* End XCConfigurationList section */
	};
	rootObject = 115FA23B260E8E87000C5509 /* Project object */;
}
